{
  "name": "@ets/example",
  "lockfileVersion": 2,
  "requires": true,
  "packages": {
    "": {
      "name": "@ets/example",
      "dependencies": {
        "embedded-typescript": "file:../dist"
      }
    },
    "../dist": {
      "name": "embedded-typescript",
      "version": "0.1.0",
      "license": "MIT",
      "dependencies": {
        "prettier": "^2.7.1"
      },
      "bin": {
        "ets": "index.js"
      }
    },
    "node_modules/embedded-typescript": {
      "resolved": "../dist",
      "link": true
    }
  },
  "dependencies": {
    "embedded-typescript": {
      "version": "file:../dist",
      "requires": {
        "prettier": "^2.7.1"
      }
    }
  }
}
